
Microsoft Visual Studio Solution File, Format Version 12.00
# Visual Studio Version 17
VisualStudioVersion = 17.5.002.0
MinimumVisualStudioVersion = 10.0.40219.1
Project("{9A19103F-16F7-4668-BE54-9A1E7A4F7556}") = "cibus", "cibus.csproj", "{81B3E09E-A14C-4B78-9E32-F84FCCF011F6}"
EndProject
Global
	GlobalSection(SolutionConfigurationPlatforms) = preSolution
		Debug|Any CPU = Debug|Any CPU
		Release|Any CPU = Release|Any CPU
	EndGlobalSection
	GlobalSection(ProjectConfigurationPlatforms) = postSolution
		{81B3E09E-A14C-4B78-9E32-F84FCCF011F6}.Debug|Any CPU.ActiveCfg = Debug|Any CPU
		{81B3E09E-A14C-4B78-9E32-F84FCCF011F6}.Debug|Any CPU.Build.0 = Debug|Any CPU
		{81B3E09E-A14C-4B78-9E32-F84FCCF011F6}.Release|Any CPU.ActiveCfg = Release|Any CPU
		{81B3E09E-A14C-4B78-9E32-F84FCCF011F6}.Release|Any CPU.Build.0 = Release|Any CPU
	EndGlobalSection
	GlobalSection(SolutionProperties) = preSolution
		HideSolutionNode = FALSE
	EndGlobalSection
	GlobalSection(ExtensibilityGlobals) = postSolution
		SolutionGuid = {8EB9A672-7160-46AE-B4F3-50F30191270B}
	EndGlobalSection
EndGlobal
